// !$*UTF8*$!
{
	archiveVersion = 1;
	classes = {
	};
	objectVersion = 50;
	objects = {

/* Begin PBXBuildFile section */
		DC9CF95627CFCA3000DD3A88 /* AppDelegate.swift in Sources */ = {isa = PBXBuildFile; fileRef = DC9CF95527CFCA3000DD3A88 /* AppDelegate.swift */; };
		DC9CF95827CFCA3000DD3A88 /* SceneDelegate.swift in Sources */ = {isa = PBXBuildFile; fileRef = DC9CF95727CFCA3000DD3A88 /* SceneDelegate.swift */; };
		DC9CF95A27CFCA3000DD3A88 /* ViewController.swift in Sources */ = {isa = PBXBuildFile; fileRef = DC9CF95927CFCA3000DD3A88 /* ViewController.swift */; };
		DC9CF95D27CFCA3000DD3A88 /* Main.storyboard in Resources */ = {isa = PBXBuildFile; fileRef = DC9CF95B27CFCA3000DD3A88 /* Main.storyboard */; };
		DC9CF95F27CFCA3100DD3A88 /* Assets.xcassets in Resources */ = {isa = PBXBuildFile; fileRef = DC9CF95E27CFCA3100DD3A88 /* Assets.xcassets */; };
		DC9CF96227CFCA3100DD3A88 /* LaunchScreen.storyboard in Resources */ = {isa = PBXBuildFile; fileRef = DC9CF96027CFCA3100DD3A88 /* LaunchScreen.storyboard */; };
		DC9CF96D27CFCA3100DD3A88 /* KisilerUygulamasiTests.swift in Sources */ = {isa = PBXBuildFile; fileRef = DC9CF96C27CFCA3100DD3A88 /* KisilerUygulamasiTests.swift */; };
		DC9CF97827CFCA3100DD3A88 /* KisilerUygulamasiUITests.swift in Sources */ = {isa = PBXBuildFile; fileRef = DC9CF97727CFCA3100DD3A88 /* KisilerUygulamasiUITests.swift */; };
/* End PBXBuildFile section */

/* Begin PBXContainerItemProxy section */
		DC9CF96927CFCA3100DD3A88 /* PBXContainerItemProxy */ = {
			isa = PBXContainerItemProxy;
			containerPortal = DC9CF94A27CFCA3000DD3A88 /* Project object */;
			proxyType = 1;
			remoteGlobalIDString = DC9CF95127CFCA3000DD3A88;
			remoteInfo = KisilerUygulamasi;
		};
		DC9CF97427CFCA3100DD3A88 /* PBXContainerItemProxy */ = {
			isa = PBXContainerItemProxy;
			containerPortal = DC9CF94A27CFCA3000DD3A88 /* Project object */;
			proxyType = 1;
			remoteGlobalIDString = DC9CF95127CFCA3000DD3A88;
			remoteInfo = KisilerUygulamasi;
		};
/* End PBXContainerItemProxy section */

/* Begin PBXFileReference section */
		DC9CF95227CFCA3000DD3A88 /* KisilerUygulamasi.app */ = {isa = PBXFileReference; explicitFileType = wrapper.application; includeInIndex = 0; path = KisilerUygulamasi.app; sourceTree = BUILT_PRODUCTS_DIR; };
		DC9CF95527CFCA3000DD3A88 /* AppDelegate.swift */ = {isa = PBXFileReference; lastKnownFileType = sourcecode.swift; path = AppDelegate.swift; sourceTree = "<group>"; };
		DC9CF95727CFCA3000DD3A88 /* SceneDelegate.swift */ = {isa = PBXFileReference; lastKnownFileType = sourcecode.swift; path = SceneDelegate.swift; sourceTree = "<group>"; };
		DC9CF95927CFCA3000DD3A88 /* ViewController.swift */ = {isa = PBXFileReference; lastKnownFileType = sourcecode.swift; path = ViewController.swift; sourceTree = "<group>"; };
		DC9CF95C27CFCA3000DD3A88 /* Base */ = {isa = PBXFileReference; lastKnownFileType = file.storyboard; name = Base; path = Base.lproj/Main.storyboard; sourceTree = "<group>"; };
		DC9CF95E27CFCA3100DD3A88 /* Assets.xcassets */ = {isa = PBXFileReference; lastKnownFileType = folder.assetcatalog; path = Assets.xcassets; sourceTree = "<group>"; };
		DC9CF96127CFCA3100DD3A88 /* Base */ = {isa = PBXFileReference; lastKnownFileType = file.storyboard; name = Base; path = Base.lproj/LaunchScreen.storyboard; sourceTree = "<group>"; };
		DC9CF96327CFCA3100DD3A88 /* Info.plist */ = {isa = PBXFileReference; lastKnownFileType = text.plist.xml; path = Info.plist; sourceTree = "<group>"; };
		DC9CF96827CFCA3100DD3A88 /* KisilerUygulamasiTests.xctest */ = {isa = PBXFileReference; explicitFileType = wrapper.cfbundle; includeInIndex = 0; path = KisilerUygulamasiTests.xctest; sourceTree = BUILT_PRODUCTS_DIR; };
		DC9CF96C27CFCA3100DD3A88 /* KisilerUygulamasiTests.swift */ = {isa = PBXFileReference; lastKnownFileType = sourcecode.swift; path = KisilerUygulamasiTests.swift; sourceTree = "<group>"; };
		DC9CF96E27CFCA3100DD3A88 /* Info.plist */ = {isa = PBXFileReference; lastKnownFileType = text.plist.xml; path = Info.plist; sourceTree = "<group>"; };
		DC9CF97327CFCA3100DD3A88 /* KisilerUygulamasiUITests.xctest */ = {isa = PBXFileReference; explicitFileType = wrapper.cfbundle; includeInIndex = 0; path = KisilerUygulamasiUITests.xctest; sourceTree = BUILT_PRODUCTS_DIR; };
		DC9CF97727CFCA3100DD3A88 /* KisilerUygulamasiUITests.swift */ = {isa = PBXFileReference; lastKnownFileType = sourcecode.swift; path = KisilerUygulamasiUITests.swift; sourceTree = "<group>"; };
		DC9CF97927CFCA3100DD3A88 /* Info.plist */ = {isa = PBXFileReference; lastKnownFileType = text.plist.xml; path = Info.plist; sourceTree = "<group>"; };
/* End PBXFileReference section */

/* Begin PBXFrameworksBuildPhase section */
		DC9CF94F27CFCA3000DD3A88 /* Frameworks */ = {
			isa = PBXFrameworksBuildPhase;
			buildActionMask = 2147483647;
			files = (
			);
			runOnlyForDeploymentPostprocessing = 0;
		};
		DC9CF96527CFCA3100DD3A88 /* Frameworks */ = {
			isa = PBXFrameworksBuildPhase;
			buildActionMask = 2147483647;
			files = (
			);
			runOnlyForDeploymentPostprocessing = 0;
		};
		DC9CF97027CFCA3100DD3A88 /* Frameworks */ = {
			isa = PBXFrameworksBuildPhase;
			buildActionMask = 2147483647;
			files = (
			);
			runOnlyForDeploymentPostprocessing = 0;
		};
/* End PBXFrameworksBuildPhase section */

/* Begin PBXGroup section */
		DC9CF94927CFCA3000DD3A88 = {
			isa = PBXGroup;
			children = (
				DC9CF95427CFCA3000DD3A88 /* KisilerUygulamasi */,
				DC9CF96B27CFCA3100DD3A88 /* KisilerUygulamasiTests */,
				DC9CF97627CFCA3100DD3A88 /* KisilerUygulamasiUITests */,
				DC9CF95327CFCA3000DD3A88 /* Products */,
			);
			sourceTree = "<group>";
		};
		DC9CF95327CFCA3000DD3A88 /* Products */ = {
			isa = PBXGroup;
			children = (
				DC9CF95227CFCA3000DD3A88 /* KisilerUygulamasi.app */,
				DC9CF96827CFCA3100DD3A88 /* KisilerUygulamasiTests.xctest */,
				DC9CF97327CFCA3100DD3A88 /* KisilerUygulamasiUITests.xctest */,
			);
			name = Products;
			sourceTree = "<group>";
		};
		DC9CF95427CFCA3000DD3A88 /* KisilerUygulamasi */ = {
			isa = PBXGroup;
			children = (
				DC9CF95527CFCA3000DD3A88 /* AppDelegate.swift */,
				DC9CF95727CFCA3000DD3A88 /* SceneDelegate.swift */,
				DC9CF95927CFCA3000DD3A88 /* ViewController.swift */,
				DC9CF95B27CFCA3000DD3A88 /* Main.storyboard */,
				DC9CF95E27CFCA3100DD3A88 /* Assets.xcassets */,
				DC9CF96027CFCA3100DD3A88 /* LaunchScreen.storyboard */,
				DC9CF96327CFCA3100DD3A88 /* Info.plist */,
			);
			path = KisilerUygulamasi;
			sourceTree = "<group>";
		};
		DC9CF96B27CFCA3100DD3A88 /* KisilerUygulamasiTests */ = {
			isa = PBXGroup;
			children = (
				DC9CF96C27CFCA3100DD3A88 /* KisilerUygulamasiTests.swift */,
				DC9CF96E27CFCA3100DD3A88 /* Info.plist */,
			);
			path = KisilerUygulamasiTests;
			sourceTree = "<group>";
		};
		DC9CF97627CFCA3100DD3A88 /* KisilerUygulamasiUITests */ = {
			isa = PBXGroup;
			children = (
				DC9CF97727CFCA3100DD3A88 /* KisilerUygulamasiUITests.swift */,
				DC9CF97927CFCA3100DD3A88 /* Info.plist */,
			);
			path = KisilerUygulamasiUITests;
			sourceTree = "<group>";
		};
/* End PBXGroup section */

/* Begin PBXNativeTarget section */
		DC9CF95127CFCA3000DD3A88 /* KisilerUygulamasi */ = {
			isa = PBXNativeTarget;
			buildConfigurationList = DC9CF97C27CFCA3100DD3A88 /* Build configuration list for PBXNativeTarget "KisilerUygulamasi" */;
			buildPhases = (
				DC9CF94E27CFCA3000DD3A88 /* Sources */,
				DC9CF94F27CFCA3000DD3A88 /* Frameworks */,
				DC9CF95027CFCA3000DD3A88 /* Resources */,
			);
			buildRules = (
			);
			dependencies = (
			);
			name = KisilerUygulamasi;
			productName = KisilerUygulamasi;
			productReference = DC9CF95227CFCA3000DD3A88 /* KisilerUygulamasi.app */;
			productType = "com.apple.product-type.application";
		};
		DC9CF96727CFCA3100DD3A88 /* KisilerUygulamasiTests */ = {
			isa = PBXNativeTarget;
			buildConfigurationList = DC9CF97F27CFCA3100DD3A88 /* Build configuration list for PBXNativeTarget "KisilerUygulamasiTests" */;
			buildPhases = (
				DC9CF96427CFCA3100DD3A88 /* Sources */,
				DC9CF96527CFCA3100DD3A88 /* Frameworks */,
				DC9CF96627CFCA3100DD3A88 /* Resources */,
			);
			buildRules = (
			);
			dependencies = (
				DC9CF96A27CFCA3100DD3A88 /* PBXTargetDependency */,
			);
			name = KisilerUygulamasiTests;
			productName = KisilerUygulamasiTests;
			productReference = DC9CF96827CFCA3100DD3A88 /* KisilerUygulamasiTests.xctest */;
			productType = "com.apple.product-type.bundle.unit-test";
		};
		DC9CF97227CFCA3100DD3A88 /* KisilerUygulamasiUITests */ = {
			isa = PBXNativeTarget;
			buildConfigurationList = DC9CF98227CFCA3100DD3A88 /* Build configuration list for PBXNativeTarget "KisilerUygulamasiUITests" */;
			buildPhases = (
				DC9CF96F27CFCA3100DD3A88 /* Sources */,
				DC9CF97027CFCA3100DD3A88 /* Frameworks */,
				DC9CF97127CFCA3100DD3A88 /* Resources */,
			);
			buildRules = (
			);
			dependencies = (
				DC9CF97527CFCA3100DD3A88 /* PBXTargetDependency */,
			);
			name = KisilerUygulamasiUITests;
			productName = KisilerUygulamasiUITests;
			productReference = DC9CF97327CFCA3100DD3A88 /* KisilerUygulamasiUITests.xctest */;
			productType = "com.apple.product-type.bundle.ui-testing";
		};
/* End PBXNativeTarget section */

/* Begin PBXProject section */
		DC9CF94A27CFCA3000DD3A88 /* Project object */ = {
			isa = PBXProject;
			attributes = {
				LastSwiftUpdateCheck = 1250;
				LastUpgradeCheck = 1250;
				TargetAttributes = {
					DC9CF95127CFCA3000DD3A88 = {
						CreatedOnToolsVersion = 12.5.1;
					};
					DC9CF96727CFCA3100DD3A88 = {
						CreatedOnToolsVersion = 12.5.1;
						TestTargetID = DC9CF95127CFCA3000DD3A88;
					};
					DC9CF97227CFCA3100DD3A88 = {
						CreatedOnToolsVersion = 12.5.1;
						TestTargetID = DC9CF95127CFCA3000DD3A88;
					};
				};
			};
			buildConfigurationList = DC9CF94D27CFCA3000DD3A88 /* Build configuration list for PBXProject "KisilerUygulamasi" */;
			compatibilityVersion = "Xcode 9.3";
			developmentRegion = en;
			hasScannedForEncodings = 0;
			knownRegions = (
				en,
				Base,
			);
			mainGroup = DC9CF94927CFCA3000DD3A88;
			productRefGroup = DC9CF95327CFCA3000DD3A88 /* Products */;
			projectDirPath = "";
			projectRoot = "";
			targets = (
				DC9CF95127CFCA3000DD3A88 /* KisilerUygulamasi */,
				DC9CF96727CFCA3100DD3A88 /* KisilerUygulamasiTests */,
				DC9CF97227CFCA3100DD3A88 /* KisilerUygulamasiUITests */,
			);
		};
/* End PBXProject section */

/* Begin PBXResourcesBuildPhase section */
		DC9CF95027CFCA3000DD3A88 /* Resources */ = {
			isa = PBXResourcesBuildPhase;
			buildActionMask = 2147483647;
			files = (
				DC9CF96227CFCA3100DD3A88 /* LaunchScreen.storyboard in Resources */,
				DC9CF95F27CFCA3100DD3A88 /* Assets.xcassets in Resources */,
				DC9CF95D27CFCA3000DD3A88 /* Main.storyboard in Resources */,
			);
			runOnlyForDeploymentPostprocessing = 0;
		};
		DC9CF96627CFCA3100DD3A88 /* Resources */ = {
			isa = PBXResourcesBuildPhase;
			buildActionMask = 2147483647;
			files = (
			);
			runOnlyForDeploymentPostprocessing = 0;
		};
		DC9CF97127CFCA3100DD3A88 /* Resources */ = {
			isa = PBXResourcesBuildPhase;
			buildActionMask = 2147483647;
			files = (
			);
			runOnlyForDeploymentPostprocessing = 0;
		};
/* End PBXResourcesBuildPhase section */

/* Begin PBXSourcesBuildPhase section */
		DC9CF94E27CFCA3000DD3A88 /* Sources */ = {
			isa = PBXSourcesBuildPhase;
			buildActionMask = 2147483647;
			files = (
				DC9CF95A27CFCA3000DD3A88 /* ViewController.swift in Sources */,
				DC9CF95627CFCA3000DD3A88 /* AppDelegate.swift in Sources */,
				DC9CF95827CFCA3000DD3A88 /* SceneDelegate.swift in Sources */,
			);
			runOnlyForDeploymentPostprocessing = 0;
		};
		DC9CF96427CFCA3100DD3A88 /* Sources */ = {
			isa = PBXSourcesBuildPhase;
			buildActionMask = 2147483647;
			files = (
				DC9CF96D27CFCA3100DD3A88 /* KisilerUygulamasiTests.swift in Sources */,
			);
			runOnlyForDeploymentPostprocessing = 0;
		};
		DC9CF96F27CFCA3100DD3A88 /* Sources */ = {
			isa = PBXSourcesBuildPhase;
			buildActionMask = 2147483647;
			files = (
				DC9CF97827CFCA3100DD3A88 /* KisilerUygulamasiUITests.swift in Sources */,
			);
			runOnlyForDeploymentPostprocessing = 0;
		};
/* End PBXSourcesBuildPhase section */

/* Begin PBXTargetDependency section */
		DC9CF96A27CFCA3100DD3A88 /* PBXTargetDependency */ = {
			isa = PBXTargetDependency;
			target = DC9CF95127CFCA3000DD3A88 /* KisilerUygulamasi */;
			targetProxy = DC9CF96927CFCA3100DD3A88 /* PBXContainerItemProxy */;
		};
		DC9CF97527CFCA3100DD3A88 /* PBXTargetDependency */ = {
			isa = PBXTargetDependency;
			target = DC9CF95127CFCA3000DD3A88 /* KisilerUygulamasi */;
			targetProxy = DC9CF97427CFCA3100DD3A88 /* PBXContainerItemProxy */;
		};
/* End PBXTargetDependency section */

/* Begin PBXVariantGroup section */
		DC9CF95B27CFCA3000DD3A88 /* Main.storyboard */ = {
			isa = PBXVariantGroup;
			children = (
				DC9CF95C27CFCA3000DD3A88 /* Base */,
			);
			name = Main.storyboard;
			sourceTree = "<group>";
		};
		DC9CF96027CFCA3100DD3A88 /* LaunchScreen.storyboard */ = {
			isa = PBXVariantGroup;
			children = (
				DC9CF96127CFCA3100DD3A88 /* Base */,
			);
			name = LaunchScreen.storyboard;
			sourceTree = "<group>";
		};
/* End PBXVariantGroup section */

/* Begin XCBuildConfiguration section */
		DC9CF97A27CFCA3100DD3A88 /* Debug */ = {
			isa = XCBuildConfiguration;
			buildSettings = {
				ALWAYS_SEARCH_USER_PATHS = NO;
				CLANG_ANALYZER_NONNULL = YES;
				CLANG_ANALYZER_NUMBER_OBJECT_CONVERSION = YES_AGGRESSIVE;
				CLANG_CXX_LANGUAGE_STANDARD = "gnu++14";
				CLANG_CXX_LIBRARY = "libc++";
				CLANG_ENABLE_MODULES = YES;
				CLANG_ENABLE_OBJC_ARC = YES;
				CLANG_ENABLE_OBJC_WEAK = YES;
				CLANG_WARN_BLOCK_CAPTURE_AUTORELEASING = YES;
				CLANG_WARN_BOOL_CONVERSION = YES;
				CLANG_WARN_COMMA = YES;
				CLANG_WARN_CONSTANT_CONVERSION = YES;
				CLANG_WARN_DEPRECATED_OBJC_IMPLEMENTATIONS = YES;
				CLANG_WARN_DIRECT_OBJC_ISA_USAGE = YES_ERROR;
				CLANG_WARN_DOCUMENTATION_COMMENTS = YES;
				CLANG_WARN_EMPTY_BODY = YES;
				CLANG_WARN_ENUM_CONVERSION = YES;
				CLANG_WARN_INFINITE_RECURSION = YES;
				CLANG_WARN_INT_CONVERSION = YES;
				CLANG_WARN_NON_LITERAL_NULL_CONVERSION = YES;
				CLANG_WARN_OBJC_IMPLICIT_RETAIN_SELF = YES;
				CLANG_WARN_OBJC_LITERAL_CONVERSION = YES;
				CLANG_WARN_OBJC_ROOT_CLASS = YES_ERROR;
				CLANG_WARN_QUOTED_INCLUDE_IN_FRAMEWORK_HEADER = YES;
				CLANG_WARN_RANGE_LOOP_ANALYSIS = YES;
				CLANG_WARN_STRICT_PROTOTYPES = YES;
				CLANG_WARN_SUSPICIOUS_MOVE = YES;
				CLANG_WARN_UNGUARDED_AVAILABILITY = YES_AGGRESSIVE;
				CLANG_WARN_UNREACHABLE_CODE = YES;
				CLANG_WARN__DUPLICATE_METHOD_MATCH = YES;
				COPY_PHASE_STRIP = NO;
				DEBUG_INFORMATION_FORMAT = dwarf;
				ENABLE_STRICT_OBJC_MSGSEND = YES;
				ENABLE_TESTABILITY = YES;
				GCC_C_LANGUAGE_STANDARD = gnu11;
				GCC_DYNAMIC_NO_PIC = NO;
				GCC_NO_COMMON_BLOCKS = YES;
				GCC_OPTIMIZATION_LEVEL = 0;
				GCC_PREPROCESSOR_DEFINITIONS = (
					"DEBUG=1",
					"$(inherited)",
				);
				GCC_WARN_64_TO_32_BIT_CONVERSION = YES;
				GCC_WARN_ABOUT_RETURN_TYPE = YES_ERROR;
				GCC_WARN_UNDECLARED_SELECTOR = YES;
				GCC_WARN_UNINITIALIZED_AUTOS = YES_AGGRESSIVE;
				GCC_WARN_UNUSED_FUNCTION = YES;
				GCC_WARN_UNUSED_VARIABLE = YES;
				IPHONEOS_DEPLOYMENT_TARGET = 14.5;
				MTL_ENABLE_DEBUG_INFO = INCLUDE_SOURCE;
				MTL_FAST_MATH = YES;
				ONLY_ACTIVE_ARCH = YES;
				SDKROOT = iphoneos;
				SWIFT_ACTIVE_COMPILATION_CONDITIONS = DEBUG;
				SWIFT_OPTIMIZATION_LEVEL = "-Onone";
			};
			name = Debug;
		};
		DC9CF97B27CFCA3100DD3A88 /* Release */ = {
			isa = XCBuildConfiguration;
			buildSettings = {
				ALWAYS_SEARCH_USER_PATHS = NO;
				CLANG_ANALYZER_NONNULL = YES;
				CLANG_ANALYZER_NUMBER_OBJECT_CONVERSION = YES_AGGRESSIVE;
				CLANG_CXX_LANGUAGE_STANDARD = "gnu++14";
				CLANG_CXX_LIBRARY = "libc++";
				CLANG_ENABLE_MODULES = YES;
				CLANG_ENABLE_OBJC_ARC = YES;
				CLANG_ENABLE_OBJC_WEAK = YES;
				CLANG_WARN_BLOCK_CAPTURE_AUTORELEASING = YES;
				CLANG_WARN_BOOL_CONVERSION = YES;
				CLANG_WARN_COMMA = YES;
				CLANG_WARN_CONSTANT_CONVERSION = YES;
				CLANG_WARN_DEPRECATED_OBJC_IMPLEMENTATIONS = YES;
				CLANG_WARN_DIRECT_OBJC_ISA_USAGE = YES_ERROR;
				CLANG_WARN_DOCUMENTATION_COMMENTS = YES;
				CLANG_WARN_EMPTY_BODY = YES;
				CLANG_WARN_ENUM_CONVERSION = YES;
				CLANG_WARN_INFINITE_RECURSION = YES;
				CLANG_WARN_INT_CONVERSION = YES;
				CLANG_WARN_NON_LITERAL_NULL_CONVERSION = YES;
				CLANG_WARN_OBJC_IMPLICIT_RETAIN_SELF = YES;
				CLANG_WARN_OBJC_LITERAL_CONVERSION = YES;
				CLANG_WARN_OBJC_ROOT_CLASS = YES_ERROR;
				CLANG_WARN_QUOTED_INCLUDE_IN_FRAMEWORK_HEADER = YES;
				CLANG_WARN_RANGE_LOOP_ANALYSIS = YES;
				CLANG_WARN_STRICT_PROTOTYPES = YES;
				CLANG_WARN_SUSPICIOUS_MOVE = YES;
				CLANG_WARN_UNGUARDED_AVAILABILITY = YES_AGGRESSIVE;
				CLANG_WARN_UNREACHABLE_CODE = YES;
				CLANG_WARN__DUPLICATE_METHOD_MATCH = YES;
				COPY_PHASE_STRIP = NO;
				DEBUG_INFORMATION_FORMAT = "dwarf-with-dsym";
				ENABLE_NS_ASSERTIONS = NO;
				ENABLE_STRICT_OBJC_MSGSEND = YES;
				GCC_C_LANGUAGE_STANDARD = gnu11;
				GCC_NO_COMMON_BLOCKS = YES;
				GCC_WARN_64_TO_32_BIT_CONVERSION = YES;
				GCC_WARN_ABOUT_RETURN_TYPE = YES_ERROR;
				GCC_WARN_UNDECLARED_SELECTOR = YES;
				GCC_WARN_UNINITIALIZED_AUTOS = YES_AGGRESSIVE;
				GCC_WARN_UNUSED_FUNCTION = YES;
				GCC_WARN_UNUSED_VARIABLE = YES;
				IPHONEOS_DEPLOYMENT_TARGET = 14.5;
				MTL_ENABLE_DEBUG_INFO = NO;
				MTL_FAST_MATH = YES;
				SDKROOT = iphoneos;
				SWIFT_COMPILATION_MODE = wholemodule;
				SWIFT_OPTIMIZATION_LEVEL = "-O";
				VALIDATE_PRODUCT = YES;
			};
			name = Release;
		};
		DC9CF97D27CFCA3100DD3A88 /* Debug */ = {
			isa = XCBuildConfiguration;
			buildSettings = {
				ASSETCATALOG_COMPILER_APPICON_NAME = AppIcon;
				ASSETCATALOG_COMPILER_GLOBAL_ACCENT_COLOR_NAME = AccentColor;
				CODE_SIGN_STYLE = Automatic;
				DEVELOPMENT_TEAM = NVN42XWXC5;
				INFOPLIST_FILE = KisilerUygulamasi/Info.plist;
				LD_RUNPATH_SEARCH_PATHS = (
					"$(inherited)",
					"@executable_path/Frameworks",
				);
				PRODUCT_BUNDLE_IDENTIFIER = com.furkanerzurumlu.KisilerUygulamasi;
				PRODUCT_NAME = "$(TARGET_NAME)";
				SWIFT_VERSION = 5.0;
				TARGETED_DEVICE_FAMILY = "1,2";
			};
			name = Debug;
		};
		DC9CF97E27CFCA3100DD3A88 /* Release */ = {
			isa = XCBuildConfiguration;
			buildSettings = {
				ASSETCATALOG_COMPILER_APPICON_NAME = AppIcon;
				ASSETCATALOG_COMPILER_GLOBAL_ACCENT_COLOR_NAME = AccentColor;
				CODE_SIGN_STYLE = Automatic;
				DEVELOPMENT_TEAM = NVN42XWXC5;
				INFOPLIST_FILE = KisilerUygulamasi/Info.plist;
				LD_RUNPATH_SEARCH_PATHS = (
					"$(inherited)",
					"@executable_path/Frameworks",
				);
				PRODUCT_BUNDLE_IDENTIFIER = com.furkanerzurumlu.KisilerUygulamasi;
				PRODUCT_NAME = "$(TARGET_NAME)";
				SWIFT_VERSION = 5.0;
				TARGETED_DEVICE_FAMILY = "1,2";
			};
			name = Release;
		};
		DC9CF98027CFCA3100DD3A88 /* Debug */ = {
			isa = XCBuildConfiguration;
			buildSettings = {
				ALWAYS_EMBED_SWIFT_STANDARD_LIBRARIES = YES;
				BUNDLE_LOADER = "$(TEST_HOST)";
				CODE_SIGN_STYLE = Automatic;
				DEVELOPMENT_TEAM = NVN42XWXC5;
				INFOPLIST_FILE = KisilerUygulamasiTests/Info.plist;
				IPHONEOS_DEPLOYMENT_TARGET = 14.5;
				LD_RUNPATH_SEARCH_PATHS = (
					"$(inherited)",
					"@executable_path/Frameworks",
					"@loader_path/Frameworks",
				);
				PRODUCT_BUNDLE_IDENTIFIER = com.furkanerzurumlu.KisilerUygulamasiTests;
				PRODUCT_NAME = "$(TARGET_NAME)";
				SWIFT_VERSION = 5.0;
				TARGETED_DEVICE_FAMILY = "1,2";
				TEST_HOST = "$(BUILT_PRODUCTS_DIR)/KisilerUygulamasi.app/KisilerUygulamasi";
			};
			name = Debug;
		};
		DC9CF98127CFCA3100DD3A88 /* Release */ = {
			isa = XCBuildConfiguration;
			buildSettings = {
				ALWAYS_EMBED_SWIFT_STANDARD_LIBRARIES = YES;
				BUNDLE_LOADER = "$(TEST_HOST)";
				CODE_SIGN_STYLE = Automatic;
				DEVELOPMENT_TEAM = NVN42XWXC5;
				INFOPLIST_FILE = KisilerUygulamasiTests/Info.plist;
				IPHONEOS_DEPLOYMENT_TARGET = 14.5;
				LD_RUNPATH_SEARCH_PATHS = (
					"$(inherited)",
					"@executable_path/Frameworks",
					"@loader_path/Frameworks",
				);
				PRODUCT_BUNDLE_IDENTIFIER = com.furkanerzurumlu.KisilerUygulamasiTests;
				PRODUCT_NAME = "$(TARGET_NAME)";
				SWIFT_VERSION = 5.0;
				TARGETED_DEVICE_FAMILY = "1,2";
				TEST_HOST = "$(BUILT_PRODUCTS_DIR)/KisilerUygulamasi.app/KisilerUygulamasi";
			};
			name = Release;
		};
		DC9CF98327CFCA3100DD3A88 /* Debug */ = {
			isa = XCBuildConfiguration;
			buildSettings = {
				ALWAYS_EMBED_SWIFT_STANDARD_LIBRARIES = YES;
				CODE_SIGN_STYLE = Automatic;
				DEVELOPMENT_TEAM = NVN42XWXC5;
				INFOPLIST_FILE = KisilerUygulamasiUITests/Info.plist;
				LD_RUNPATH_SEARCH_PATHS = (
					"$(inherited)",
					"@executable_path/Frameworks",
					"@loader_path/Frameworks",
				);
				PRODUCT_BUNDLE_IDENTIFIER = com.furkanerzurumlu.KisilerUygulamasiUITests;
				PRODUCT_NAME = "$(TARGET_NAME)";
				SWIFT_VERSION = 5.0;
				TARGETED_DEVICE_FAMILY = "1,2";
				TEST_TARGET_NAME = KisilerUygulamasi;
			};
			name = Debug;
		};
		DC9CF98427CFCA3100DD3A88 /* Release */ = {
			isa = XCBuildConfiguration;
			buildSettings = {
				ALWAYS_EMBED_SWIFT_STANDARD_LIBRARIES = YES;
				CODE_SIGN_STYLE = Automatic;
				DEVELOPMENT_TEAM = NVN42XWXC5;
				INFOPLIST_FILE = KisilerUygulamasiUITests/Info.plist;
				LD_RUNPATH_SEARCH_PATHS = (
					"$(inherited)",
					"@executable_path/Frameworks",
					"@loader_path/Frameworks",
				);
				PRODUCT_BUNDLE_IDENTIFIER = com.furkanerzurumlu.KisilerUygulamasiUITests;
				PRODUCT_NAME = "$(TARGET_NAME)";
				SWIFT_VERSION = 5.0;
				TARGETED_DEVICE_FAMILY = "1,2";
				TEST_TARGET_NAME = KisilerUygulamasi;
			};
			name = Release;
		};
/* End XCBuildConfiguration section */

/* Begin XCConfigurationList section */
		DC9CF94D27CFCA3000DD3A88 /* Build configuration list for PBXProject "KisilerUygulamasi" */ = {
			isa = XCConfigurationList;
			buildConfigurations = (
				DC9CF97A27CFCA3100DD3A88 /* Debug */,
				DC9CF97B27CFCA3100DD3A88 /* Release */,
			);
			defaultConfigurationIsVisible = 0;
			defaultConfigurationName = Release;
		};
		DC9CF97C27CFCA3100DD3A88 /* Build configuration list for PBXNativeTarget "KisilerUygulamasi" */ = {
			isa = XCConfigurationList;
			buildConfigurations = (
				DC9CF97D27CFCA3100DD3A88 /* Debug */,
				DC9CF97E27CFCA3100DD3A88 /* Release */,
			);
			defaultConfigurationIsVisible = 0;
			defaultConfigurationName = Release;
		};
		DC9CF97F27CFCA3100DD3A88 /* Build configuration list for PBXNativeTarget "KisilerUygulamasiTests" */ = {
			isa = XCConfigurationList;
			buildConfigurations = (
				DC9CF98027CFCA3100DD3A88 /* Debug */,
				DC9CF98127CFCA3100DD3A88 /* Release */,
			);
			defaultConfigurationIsVisible = 0;
			defaultConfigurationName = Release;
		};
		DC9CF98227CFCA3100DD3A88 /* Build configuration list for PBXNativeTarget "KisilerUygulamasiUITests" */ = {
			isa = XCConfigurationList;
			buildConfigurations = (
				DC9CF98327CFCA3100DD3A88 /* Debug */,
				DC9CF98427CFCA3100DD3A88 /* Release */,
			);
			defaultConfigurationIsVisible = 0;
			defaultConfigurationName = Release;
		};
/* End XCConfigurationList section */
	};
	rootObject = DC9CF94A27CFCA3000DD3A88 /* Project object */;
}
